# @generated by Move, please check-in and do not edit manually.

[move]
version = 0
manifest_digest = "DE6C16214E32CCED73CD0A9B71795D5F8E85344B7A55E11958B485625F58370B"
deps_digest = "F8BBB0CCB2491CA29A3DF03D6F92277A4F3574266507ACD77214D37ECA3F3082"

dependencies = [
  { name = "AptosFramework" },
]

[[move.package]]
name = "AptosFramework"
source = { git = "https://github.com/aptos-labs/aptos-core.git", rev = "mainnet", subdir = "aptos-move/framework/aptos-framework" }

dependencies = [
  { name = "AptosStdlib" },
  { name = "MoveStdlib" },
]

[[move.package]]
name = "AptosStdlib"
source = { git = "https://github.com/aptos-labs/aptos-core.git", rev = "mainnet", subdir = "aptos-move/framework/aptos-stdlib" }

dependencies = [
  { name = "MoveStdlib" },
]

[[move.package]]
name = "MoveStdlib"
source = { git = "https://github.com/aptos-labs/aptos-core.git", rev = "mainnet", subdir = "aptos-move/framework/move-stdlib" }
